version = 1
revision = 3
requires-python = ">=3.13"

[[package]]
name = "pyparsing"
version = "3.3.2"
source = { registry = "https://pypi.org/simple" }
sdist = { url = "https://files.pythonhosted.org/packages/f3/91/9c6ee907786a473bf81c5f53cf703ba0957b23ab84c264080fb5a450416f/pyparsing-3.3.2.tar.gz", hash = "sha256:c777f4d763f140633dcb6d8a3eda953bf7a214dc4eff598413c070bcdc117cbc", size = 6851574, upload-time = "2026-01-21T03:57:59.36Z" }
wheels = [
    { url = "https://files.pythonhosted.org/packages/10/bd/c038d7cc38edc1aa5bf91ab8068b63d4308c66c4c8bb3cbba7dfbc049f9c/pyparsing-3.3.2-py3-none-any.whl", hash = "sha256:850ba148bd908d7e2411587e247a1e4f0327839c40e2e5e6d05a007ecc69911d", size = 122781, upload-time = "2026-01-21T03:57:55.912Z" },
]

[[package]]
name = "r2rml2datalog-tests"
version = "0.1.0"
source = { virtual = "." }

[package.dev-dependencies]
dev = [
    { name = "rdflib" },
]

[package.metadata]

[package.metadata.requires-dev]
dev = [{ name = "rdflib", specifier = "==7.2.1" }]

[[package]]
name = "rdflib"
version = "7.2.1"
source = { registry = "https://pypi.org/simple" }
dependencies = [
    { name = "pyparsing" },
]
sdist = { url = "https://files.pythonhosted.org/packages/8d/99/d2fec85e5f6bdfe4367dea143119cb4469bf48710487939df0abf7e22003/rdflib-7.2.1.tar.gz", hash = "sha256:cf9b7fa25234e8925da8b1fb09700f8349b5f0f100e785fb4260e737308292ac", size = 4873802, upload-time = "2025-09-19T02:33:36.492Z" }
wheels = [
    { url = "https://files.pythonhosted.org/packages/31/98/7fa830bb4b9da21905683a5352aa0a01a1f3082328ae976aad341e980c23/rdflib-7.2.1-py3-none-any.whl", hash = "sha256:1a175bc1386a167a42fbfaba003bfa05c164a2a3ca3cb9c0c97f9c9638ca6ac2", size = 565423, upload-time = "2025-09-19T02:33:30.889Z" },
]
